
Microsoft Visual Studio Solution File, Format Version 12.00
# Visual Studio 2017
Project("{FAE04EC0-301F-11D3-BF4B-00C04F79EFBC}") = "Elpis", "Elpis.csproj", "{0BAD1A8D-797C-F494-92A4-688FE6F56CDD}"
EndProject
Project("{FAE04EC0-301F-11D3-BF4B-00C04F79EFBC}") = "Elpis.Plugins", "Elpis.Plugins.csproj", "{F2589A87-E064-CBC4-3594-0C32ECC07493}"
EndProject
Project("{FAE04EC0-301F-11D3-BF4B-00C04F79EFBC}") = "Elpis.Editor", "Elpis.Editor.csproj", "{489908CE-6058-1FAE-B1CF-A2C057EFE740}"
EndProject
Project("{FAE04EC0-301F-11D3-BF4B-00C04F79EFBC}") = "Elpis.Editor.Plugins", "Elpis.Editor.Plugins.csproj", "{91317F03-3E54-AD7A-07BB-7CD8F8222228}"
EndProject
Global
	GlobalSection(SolutionConfigurationPlatforms) = preSolution
		Debug|Any CPU = Debug|Any CPU
		Release|Any CPU = Release|Any CPU
	EndGlobalSection
	GlobalSection(ProjectConfigurationPlatforms) = postSolution
		{0BAD1A8D-797C-F494-92A4-688FE6F56CDD}.Debug|Any CPU.ActiveCfg = Debug|Any CPU
		{0BAD1A8D-797C-F494-92A4-688FE6F56CDD}.Debug|Any CPU.Build.0 = Debug|Any CPU
		{0BAD1A8D-797C-F494-92A4-688FE6F56CDD}.Release|Any CPU.ActiveCfg = Release|Any CPU
		{0BAD1A8D-797C-F494-92A4-688FE6F56CDD}.Release|Any CPU.Build.0 = Release|Any CPU
		{F2589A87-E064-CBC4-3594-0C32ECC07493}.Debug|Any CPU.ActiveCfg = Debug|Any CPU
		{F2589A87-E064-CBC4-3594-0C32ECC07493}.Debug|Any CPU.Build.0 = Debug|Any CPU
		{F2589A87-E064-CBC4-3594-0C32ECC07493}.Release|Any CPU.ActiveCfg = Release|Any CPU
		{F2589A87-E064-CBC4-3594-0C32ECC07493}.Release|Any CPU.Build.0 = Release|Any CPU
		{489908CE-6058-1FAE-B1CF-A2C057EFE740}.Debug|Any CPU.ActiveCfg = Debug|Any CPU
		{489908CE-6058-1FAE-B1CF-A2C057EFE740}.Debug|Any CPU.Build.0 = Debug|Any CPU
		{489908CE-6058-1FAE-B1CF-A2C057EFE740}.Release|Any CPU.ActiveCfg = Release|Any CPU
		{489908CE-6058-1FAE-B1CF-A2C057EFE740}.Release|Any CPU.Build.0 = Release|Any CPU
		{91317F03-3E54-AD7A-07BB-7CD8F8222228}.Debug|Any CPU.ActiveCfg = Debug|Any CPU
		{91317F03-3E54-AD7A-07BB-7CD8F8222228}.Debug|Any CPU.Build.0 = Debug|Any CPU
		{91317F03-3E54-AD7A-07BB-7CD8F8222228}.Release|Any CPU.ActiveCfg = Release|Any CPU
		{91317F03-3E54-AD7A-07BB-7CD8F8222228}.Release|Any CPU.Build.0 = Release|Any CPU
	EndGlobalSection
	GlobalSection(SolutionProperties) = preSolution
		HideSolutionNode = FALSE
	EndGlobalSection
EndGlobal
